# THIS IS AN AUTOGENERATED FILE. DO NOT EDIT THIS FILE DIRECTLY.
# yarn lockfile v1


asn1@0.2.3:
  version "0.2.3"
  resolved "https://registry.yarnpkg.com/asn1/-/asn1-0.2.3.tgz#dac8787713c9966849fc8180777ebe9c1ddf3b86"

base-x@^3.0.2:
  version "3.0.2"
  resolved "https://registry.yarnpkg.com/base-x/-/base-x-3.0.2.tgz#bf873861b7514279b7969f340929eab87c11d130"
  dependencies:
    safe-buffer "^5.0.1"

base64url@2.0.0, base64url@^2.0.0:
  version "2.0.0"
  resolved "https://registry.yarnpkg.com/base64url/-/base64url-2.0.0.tgz#eac16e03ea1438eff9423d69baa36262ed1f70bb"

bignumber.js@^4.1.0:
  version "4.1.0"
  resolved "https://registry.yarnpkg.com/bignumber.js/-/bignumber.js-4.1.0.tgz#db6f14067c140bd46624815a7916c92d9b6c24b1"

buffer-equal-constant-time@1.0.1:
  version "1.0.1"
  resolved "https://registry.yarnpkg.com/buffer-equal-constant-time/-/buffer-equal-constant-time-1.0.1.tgz#f8e71132f7ffe6e01a5c9697a4c6f3e48d5cc819"

cookie@^0.3.1:
  version "0.3.1"
  resolved "https://registry.yarnpkg.com/cookie/-/cookie-0.3.1.tgz#e7e0a1f9ef43b4c8ba925c5c5a96e806d16873bb"

dataloader@^1.3.0:
  version "1.3.0"
  resolved "https://registry.yarnpkg.com/dataloader/-/dataloader-1.3.0.tgz#6fec5be4b30a712e4afd30b86b4334566b97673b"

ecdsa-sig-formatter@1.0.9:
  version "1.0.9"
  resolved "https://registry.yarnpkg.com/ecdsa-sig-formatter/-/ecdsa-sig-formatter-1.0.9.tgz#4bc926274ec3b5abb5016e7e1d60921ac262b2a1"
  dependencies:
    base64url "^2.0.0"
    safe-buffer "^5.0.1"

encoding@^0.1.11:
  version "0.1.12"
  resolved "https://registry.yarnpkg.com/encoding/-/encoding-0.1.12.tgz#538b66f3ee62cd1ab51ec323829d1f9480c74beb"
  dependencies:
    iconv-lite "~0.4.13"

graphql-tower-account-kit@^3.17.2:
  version "3.17.2"
  resolved "https://registry.yarnpkg.com/graphql-tower-account-kit/-/graphql-tower-account-kit-3.17.2.tgz#df1cc91c82b2ac22fa24a802b6a6d9a06801a48a"
  dependencies:
    graphql-tower-errors "^3.16.0"
    node-fetch "^1.7.3"

graphql-tower-cache@^3.18.0:
  version "3.18.0"
  resolved "https://registry.yarnpkg.com/graphql-tower-cache/-/graphql-tower-cache-3.18.0.tgz#e512f14a5f01bb44fce3d4bdbd7a3359207d4a08"
  dependencies:
    dataloader "^1.3.0"
    graphql-tower-global-id "^3.3.3"
    graphql-tower-helper "^3.18.0"

graphql-tower-errors@^3.16.0:
  version "3.16.0"
  resolved "https://registry.yarnpkg.com/graphql-tower-errors/-/graphql-tower-errors-3.16.0.tgz#5dc7b845ef15dc9eb63fa4401f2c324f0cbc8b91"

graphql-tower-global-id@^3.3.3:
  version "3.3.3"
  resolved "https://registry.yarnpkg.com/graphql-tower-global-id/-/graphql-tower-global-id-3.3.3.tgz#5741ce5561dc1075264c2c905da617eca96e7884"
  dependencies:
    base-x "^3.0.2"
    bignumber.js "^4.1.0"
    lodash "^4.17.4"

graphql-tower-helper@^3.18.0:
  version "3.18.0"
  resolved "https://registry.yarnpkg.com/graphql-tower-helper/-/graphql-tower-helper-3.18.0.tgz#1af489dcf3a059f1e397c779096f2c033955d6d5"

graphql-tower-jwt@^3.18.1:
  version "3.18.1"
  resolved "https://registry.yarnpkg.com/graphql-tower-jwt/-/graphql-tower-jwt-3.18.1.tgz#bf8df805400f99c8e0ec7d6dbab83b116a212a33"
  dependencies:
    cookie "^0.3.1"
    jsonwebtoken "^8.1.0"
    node-rsa "^0.4.2"

graphql-tower-model@^3.18.0:
  version "3.18.0"
  resolved "https://registry.yarnpkg.com/graphql-tower-model/-/graphql-tower-model-3.18.0.tgz#b24eb3379258715e179e380d2791f1d10080cc6a"
  dependencies:
    dataloader "^1.3.0"
    graphql-tower-global-id "^3.3.3"
    graphql-tower-helper "^3.18.0"
    lodash "^4.17.4"

graphql-tower-queries@^3.12.0:
  version "3.12.0"
  resolved "https://registry.yarnpkg.com/graphql-tower-queries/-/graphql-tower-queries-3.12.0.tgz#83f795844ee779ed3f1b0db5c4d72a32e74b8f6a"
  dependencies:
    lodash "^4.17.4"

graphql-tower-types@^3.9.0:
  version "3.9.0"
  resolved "https://registry.yarnpkg.com/graphql-tower-types/-/graphql-tower-types-3.9.0.tgz#35d658bb90e6c9d49862a1a7c13da37e8559f57d"
  dependencies:
    graphql-tower-global-id "^3.3.3"
    lodash "^4.17.4"
    moment "^2.19.1"

graphql-tower-unique@^3.6.2:
  version "3.6.2"
  resolved "https://registry.yarnpkg.com/graphql-tower-unique/-/graphql-tower-unique-3.6.2.tgz#29bbd878cc448d4a5ea31d93337efe78535687ac"
  dependencies:
    base-x "^3.0.2"
    lodash "^4.17.4"
    os "^0.1.1"

iconv-lite@~0.4.13:
  version "0.4.19"
  resolved "https://registry.yarnpkg.com/iconv-lite/-/iconv-lite-0.4.19.tgz#f7468f60135f5e5dad3399c0a81be9a1603a082b"

is-stream@^1.0.1:
  version "1.1.0"
  resolved "https://registry.yarnpkg.com/is-stream/-/is-stream-1.1.0.tgz#12d4a3dd4e68e0b79ceb8dbc84173ae80d91ca44"

jsonwebtoken@^8.1.0:
  version "8.1.0"
  resolved "https://registry.yarnpkg.com/jsonwebtoken/-/jsonwebtoken-8.1.0.tgz#c6397cd2e5fd583d65c007a83dc7bb78e6982b83"
  dependencies:
    jws "^3.1.4"
    lodash.includes "^4.3.0"
    lodash.isboolean "^3.0.3"
    lodash.isinteger "^4.0.4"
    lodash.isnumber "^3.0.3"
    lodash.isplainobject "^4.0.6"
    lodash.isstring "^4.0.1"
    lodash.once "^4.0.0"
    ms "^2.0.0"
    xtend "^4.0.1"

jwa@^1.1.4:
  version "1.1.5"
  resolved "https://registry.yarnpkg.com/jwa/-/jwa-1.1.5.tgz#a0552ce0220742cd52e153774a32905c30e756e5"
  dependencies:
    base64url "2.0.0"
    buffer-equal-constant-time "1.0.1"
    ecdsa-sig-formatter "1.0.9"
    safe-buffer "^5.0.1"

jws@^3.1.4:
  version "3.1.4"
  resolved "https://registry.yarnpkg.com/jws/-/jws-3.1.4.tgz#f9e8b9338e8a847277d6444b1464f61880e050a2"
  dependencies:
    base64url "^2.0.0"
    jwa "^1.1.4"
    safe-buffer "^5.0.1"

lodash.includes@^4.3.0:
  version "4.3.0"
  resolved "https://registry.yarnpkg.com/lodash.includes/-/lodash.includes-4.3.0.tgz#60bb98a87cb923c68ca1e51325483314849f553f"

lodash.isboolean@^3.0.3:
  version "3.0.3"
  resolved "https://registry.yarnpkg.com/lodash.isboolean/-/lodash.isboolean-3.0.3.tgz#6c2e171db2a257cd96802fd43b01b20d5f5870f6"

lodash.isinteger@^4.0.4:
  version "4.0.4"
  resolved "https://registry.yarnpkg.com/lodash.isinteger/-/lodash.isinteger-4.0.4.tgz#619c0af3d03f8b04c31f5882840b77b11cd68343"

lodash.isnumber@^3.0.3:
  version "3.0.3"
  resolved "https://registry.yarnpkg.com/lodash.isnumber/-/lodash.isnumber-3.0.3.tgz#3ce76810c5928d03352301ac287317f11c0b1ffc"

lodash.isplainobject@^4.0.6:
  version "4.0.6"
  resolved "https://registry.yarnpkg.com/lodash.isplainobject/-/lodash.isplainobject-4.0.6.tgz#7c526a52d89b45c45cc690b88163be0497f550cb"

lodash.isstring@^4.0.1:
  version "4.0.1"
  resolved "https://registry.yarnpkg.com/lodash.isstring/-/lodash.isstring-4.0.1.tgz#d527dfb5456eca7cc9bb95d5daeaf88ba54a5451"

lodash.once@^4.0.0:
  version "4.1.1"
  resolved "https://registry.yarnpkg.com/lodash.once/-/lodash.once-4.1.1.tgz#0dd3971213c7c56df880977d504c88fb471a97ac"

lodash@^4.17.4:
  version "4.17.4"
  resolved "https://registry.yarnpkg.com/lodash/-/lodash-4.17.4.tgz#78203a4d1c328ae1d86dca6460e369b57f4055ae"

moment@^2.19.1:
  version "2.19.1"
  resolved "https://registry.yarnpkg.com/moment/-/moment-2.19.1.tgz#56da1a2d1cbf01d38b7e1afc31c10bcfa1929167"

ms@^2.0.0:
  version "2.0.0"
  resolved "https://registry.yarnpkg.com/ms/-/ms-2.0.0.tgz#5608aeadfc00be6c2901df5f9861788de0d597c8"

node-fetch@^1.7.3:
  version "1.7.3"
  resolved "https://registry.yarnpkg.com/node-fetch/-/node-fetch-1.7.3.tgz#980f6f72d85211a5347c6b2bc18c5b84c3eb47ef"
  dependencies:
    encoding "^0.1.11"
    is-stream "^1.0.1"

node-rsa@^0.4.2:
  version "0.4.2"
  resolved "https://registry.yarnpkg.com/node-rsa/-/node-rsa-0.4.2.tgz#d6391729ec16a830ed5a38042b3157d2d5d72530"
  dependencies:
    asn1 "0.2.3"

os@^0.1.1:
  version "0.1.1"
  resolved "https://registry.yarnpkg.com/os/-/os-0.1.1.tgz#208845e89e193ad4d971474b93947736a56d13f3"

safe-buffer@^5.0.1:
  version "5.1.1"
  resolved "https://registry.yarnpkg.com/safe-buffer/-/safe-buffer-5.1.1.tgz#893312af69b2123def71f57889001671eeb2c853"

xtend@^4.0.1:
  version "4.0.1"
  resolved "https://registry.yarnpkg.com/xtend/-/xtend-4.0.1.tgz#a5c6d532be656e23db820efb943a1f04998d63af"
