# THIS IS AN AUTOGENERATED FILE. DO NOT EDIT THIS FILE DIRECTLY.
# yarn lockfile v1


graphql-tower-errors@^3.0.0:
  version "3.0.0"
  resolved "https://registry.yarnpkg.com/graphql-tower-errors/-/graphql-tower-errors-3.0.0.tgz#1b9caade14dfed12ac37bfc5a44287100a07347e"

lodash@^4.17.4:
  version "4.17.4"
  resolved "https://registry.yarnpkg.com/lodash/-/lodash-4.17.4.tgz#78203a4d1c328ae1d86dca6460e369b57f4055ae"
