# THIS IS AN AUTOGENERATED FILE. DO NOT EDIT THIS FILE DIRECTLY.
# yarn lockfile v1


base-x@^3.0.2:
  version "3.0.2"
  resolved "https://registry.yarnpkg.com/base-x/-/base-x-3.0.2.tgz#bf873861b7514279b7969f340929eab87c11d130"
  dependencies:
    safe-buffer "^5.0.1"

bignumber.js@^4.1.0:
  version "4.1.0"
  resolved "https://registry.yarnpkg.com/bignumber.js/-/bignumber.js-4.1.0.tgz#db6f14067c140bd46624815a7916c92d9b6c24b1"

dataloader@^1.3.0:
  version "1.3.0"
  resolved "https://registry.yarnpkg.com/dataloader/-/dataloader-1.3.0.tgz#6fec5be4b30a712e4afd30b86b4334566b97673b"

graphql-tower-errors@^3.0.0:
  version "3.0.0"
  resolved "https://registry.yarnpkg.com/graphql-tower-errors/-/graphql-tower-errors-3.0.0.tgz#1b9caade14dfed12ac37bfc5a44287100a07347e"

graphql-tower-global-id@^3.0.0:
  version "3.0.0"
  resolved "https://registry.yarnpkg.com/graphql-tower-global-id/-/graphql-tower-global-id-3.0.0.tgz#87f119ad63f6d3f2c7d0c42d86675a912bef4449"
  dependencies:
    base-x "^3.0.2"
    bignumber.js "^4.1.0"
    lodash "^4.17.4"

graphql-tower-model@^3.0.1:
  version "3.0.1"
  resolved "https://registry.yarnpkg.com/graphql-tower-model/-/graphql-tower-model-3.0.1.tgz#6a68e88e751c814fbbdc8fca90cb323eb454d376"
  dependencies:
    dataloader "^1.3.0"
    graphql-tower-global-id "^3.0.0"
    lodash "^4.17.4"

lodash@^4.17.4:
  version "4.17.4"
  resolved "https://registry.yarnpkg.com/lodash/-/lodash-4.17.4.tgz#78203a4d1c328ae1d86dca6460e369b57f4055ae"

safe-buffer@^5.0.1:
  version "5.1.1"
  resolved "https://registry.yarnpkg.com/safe-buffer/-/safe-buffer-5.1.1.tgz#893312af69b2123def71f57889001671eeb2c853"
