# THIS IS AN AUTOGENERATED FILE. DO NOT EDIT THIS FILE DIRECTLY.
# yarn lockfile v1


big-integer@^1.6.22:
  version "1.6.27"
  resolved "https://registry.yarnpkg.com/big-integer/-/big-integer-1.6.27.tgz#8e56c6f8b2dd6c4fe8d32102b83d4f25868e4b3a"

ipaddr.js@^1.6.0:
  version "1.6.0"
  resolved "https://registry.yarnpkg.com/ipaddr.js/-/ipaddr.js-1.6.0.tgz#e3fa357b773da619f26e95f049d055c72796f86b"

ipip-datx@^0.2.1:
  version "0.2.1"
  resolved "https://registry.yarnpkg.com/ipip-datx/-/ipip-datx-0.2.1.tgz#5253c643f5cf68e25e2e11878da56db264d74fe8"

lodash@^4.17.5:
  version "4.17.5"
  resolved "https://registry.yarnpkg.com/lodash/-/lodash-4.17.5.tgz#99a92d65c0272debe8c96b6057bc8fbfa3bed511"

maxmind@^2.5.0:
  version "2.5.0"
  resolved "https://registry.yarnpkg.com/maxmind/-/maxmind-2.5.0.tgz#0ce2f381a43849c7c930448683c6fdb1025ae26c"
  dependencies:
    big-integer "^1.6.22"
    tiny-lru "^1.4.13"

tiny-lru@^1.4.13:
  version "1.5.2"
  resolved "https://registry.yarnpkg.com/tiny-lru/-/tiny-lru-1.5.2.tgz#2cef6eab55ff339aee78919262811a4d46d892d1"
