# THIS IS AN AUTOGENERATED FILE. DO NOT EDIT THIS FILE DIRECTLY.
# yarn lockfile v1


base-x@^3.0.2:
  version "3.0.3"
  resolved "https://registry.yarnpkg.com/base-x/-/base-x-3.0.3.tgz#7870aebb757a49d38d7cf63a6c554c418287cce7"
  dependencies:
    safe-buffer "^5.0.1"

bignumber.js@^4.1.0:
  version "4.1.0"
  resolved "https://registry.yarnpkg.com/bignumber.js/-/bignumber.js-4.1.0.tgz#db6f14067c140bd46624815a7916c92d9b6c24b1"

dataloader@^1.3.0:
  version "1.3.0"
  resolved "https://registry.yarnpkg.com/dataloader/-/dataloader-1.3.0.tgz#6fec5be4b30a712e4afd30b86b4334566b97673b"

graphql-tower-errors@^3.21.3:
  version "3.21.3"
  resolved "https://registry.yarnpkg.com/graphql-tower-errors/-/graphql-tower-errors-3.21.3.tgz#10422a2c7e4f99e812ef78e114bd1230597d561f"

graphql-tower-global-id@^3.3.3:
  version "3.3.3"
  resolved "https://registry.yarnpkg.com/graphql-tower-global-id/-/graphql-tower-global-id-3.3.3.tgz#5741ce5561dc1075264c2c905da617eca96e7884"
  dependencies:
    base-x "^3.0.2"
    bignumber.js "^4.1.0"
    lodash "^4.17.4"

graphql-tower-helper@^3.25.1:
  version "3.25.1"
  resolved "https://registry.yarnpkg.com/graphql-tower-helper/-/graphql-tower-helper-3.25.1.tgz#55d366e0f541268bb38b0c19d4ec80cf6efa4e44"

graphql-tower-queries@^3.24.2:
  version "3.24.2"
  resolved "https://registry.yarnpkg.com/graphql-tower-queries/-/graphql-tower-queries-3.24.2.tgz#0f5c0dbfe5d83c235f020b0f86d8af44407ecc85"
  dependencies:
    graphql-tower-errors "^3.21.3"
    iterall "^1.1.3"
    lodash "^4.17.4"

iterall@^1.1.3:
  version "1.1.3"
  resolved "https://registry.yarnpkg.com/iterall/-/iterall-1.1.3.tgz#1cbbff96204056dde6656e2ed2e2226d0e6d72c9"

lodash@^4.17.4:
  version "4.17.4"
  resolved "https://registry.yarnpkg.com/lodash/-/lodash-4.17.4.tgz#78203a4d1c328ae1d86dca6460e369b57f4055ae"

safe-buffer@^5.0.1:
  version "5.1.1"
  resolved "https://registry.yarnpkg.com/safe-buffer/-/safe-buffer-5.1.1.tgz#893312af69b2123def71f57889001671eeb2c853"
