# THIS IS AN AUTOGENERATED FILE. DO NOT EDIT THIS FILE DIRECTLY.
# yarn lockfile v1


base-x@^3.0.2:
  version "3.0.4"
  resolved "https://registry.yarnpkg.com/base-x/-/base-x-3.0.4.tgz#94c1788736da065edb1d68808869e357c977fa77"
  dependencies:
    safe-buffer "^5.0.1"

bignumber.js@^4.1.0:
  version "4.1.0"
  resolved "https://registry.yarnpkg.com/bignumber.js/-/bignumber.js-4.1.0.tgz#db6f14067c140bd46624815a7916c92d9b6c24b1"

dataloader@^1.3.0:
  version "1.3.0"
  resolved "https://registry.yarnpkg.com/dataloader/-/dataloader-1.3.0.tgz#6fec5be4b30a712e4afd30b86b4334566b97673b"

graphql-tower-errors@^3.21.3:
  version "3.21.3"
  resolved "https://registry.yarnpkg.com/graphql-tower-errors/-/graphql-tower-errors-3.21.3.tgz#10422a2c7e4f99e812ef78e114bd1230597d561f"

graphql-tower-global-id@^3.3.3:
  version "3.3.3"
  resolved "https://registry.yarnpkg.com/graphql-tower-global-id/-/graphql-tower-global-id-3.3.3.tgz#5741ce5561dc1075264c2c905da617eca96e7884"
  dependencies:
    base-x "^3.0.2"
    bignumber.js "^4.1.0"
    lodash "^4.17.4"

graphql-tower-helper@^3.37.0:
  version "3.37.0"
  resolved "https://registry.yarnpkg.com/graphql-tower-helper/-/graphql-tower-helper-3.37.0.tgz#809b0d7c6654b9684af507a08a60019b1f985d50"

graphql-tower-queries@^3.32.6:
  version "3.32.6"
  resolved "https://registry.yarnpkg.com/graphql-tower-queries/-/graphql-tower-queries-3.32.6.tgz#fbebc2424612d2f15cd8af06793cdd95db631beb"
  dependencies:
    graphql-tower-errors "^3.21.3"
    iterall "^1.1.3"
    lodash "^4.17.4"

iterall@^1.1.3:
  version "1.2.2"
  resolved "https://registry.yarnpkg.com/iterall/-/iterall-1.2.2.tgz#92d70deb8028e0c39ff3164fdbf4d8b088130cd7"

lodash@^4.17.4:
  version "4.17.4"
  resolved "https://registry.yarnpkg.com/lodash/-/lodash-4.17.4.tgz#78203a4d1c328ae1d86dca6460e369b57f4055ae"

safe-buffer@^5.0.1:
  version "5.1.2"
  resolved "https://registry.yarnpkg.com/safe-buffer/-/safe-buffer-5.1.2.tgz#991ec69d296e0313747d59bdfd2b745c35f8828d"

thelper@^1.0.0:
  version "1.0.0"
  resolved "https://registry.yarnpkg.com/thelper/-/thelper-1.0.0.tgz#96b0cbec2f52eb01839e912adcc164ce33760aa3"
